
Microsoft Visual Studio Solution File, Format Version 12.00
# Visual Studio Version 16
VisualStudioVersion = 16.0.31019.35
MinimumVisualStudioVersion = 10.0.40219.1
Project("{FAE04EC0-301F-11D3-BF4B-00C04F79EFBC}") = "receiver", "receiver\receiver.csproj", "{BB248A4F-6242-438E-A541-CAFD1289E05F}"
EndProject
Global
	GlobalSection(SolutionConfigurationPlatforms) = preSolution
		Debug|Any CPU = Debug|Any CPU
		Release|Any CPU = Release|Any CPU
	EndGlobalSection
	GlobalSection(ProjectConfigurationPlatforms) = postSolution
		{BB248A4F-6242-438E-A541-CAFD1289E05F}.Debug|Any CPU.ActiveCfg = Debug|Any CPU
		{BB248A4F-6242-438E-A541-CAFD1289E05F}.Debug|Any CPU.Build.0 = Debug|Any CPU
		{BB248A4F-6242-438E-A541-CAFD1289E05F}.Release|Any CPU.ActiveCfg = Release|Any CPU
		{BB248A4F-6242-438E-A541-CAFD1289E05F}.Release|Any CPU.Build.0 = Release|Any CPU
	EndGlobalSection
	GlobalSection(SolutionProperties) = preSolution
		HideSolutionNode = FALSE
	EndGlobalSection
	GlobalSection(ExtensibilityGlobals) = postSolution
		SolutionGuid = {0B2C6F99-B7A3-4D29-9254-F30D4FAFD6D9}
	EndGlobalSection
EndGlobal
